// !$*UTF8*$!
{
	archiveVersion = 1;
	classes = {
	};
	objectVersion = 55;
	objects = {

/* Begin PBXBuildFile section */
		9B0124522849441E008631BA /* SignUpScreen.swift in Sources */ = {isa = PBXBuildFile; fileRef = 9B0124512849441E008631BA /* SignUpScreen.swift */; };
		9B0124542849480A008631BA /* LoginScreen.swift in Sources */ = {isa = PBXBuildFile; fileRef = 9B0124532849480A008631BA /* LoginScreen.swift */; };
		9B012458284948AA008631BA /* Input.swift in Sources */ = {isa = PBXBuildFile; fileRef = 9B012457284948AA008631BA /* Input.swift */; };
		9B01245C28495F0A008631BA /* GoogleService-Info.plist in Resources */ = {isa = PBXBuildFile; fileRef = 9B01245B28495F0A008631BA /* GoogleService-Info.plist */; };
		9B01245F28495FC6008631BA /* FirebaseAuth in Frameworks */ = {isa = PBXBuildFile; productRef = 9B01245E28495FC6008631BA /* FirebaseAuth */; };
		9B01246128495FC6008631BA /* FirebaseAuthCombine-Community in Frameworks */ = {isa = PBXBuildFile; productRef = 9B01246028495FC6008631BA /* FirebaseAuthCombine-Community */; };
		9B01246328495FC6008631BA /* FirebaseDatabase in Frameworks */ = {isa = PBXBuildFile; productRef = 9B01246228495FC6008631BA /* FirebaseDatabase */; };
		9B01246528495FC6008631BA /* FirebaseDatabaseSwift in Frameworks */ = {isa = PBXBuildFile; productRef = 9B01246428495FC6008631BA /* FirebaseDatabaseSwift */; };
		9B01246728495FC6008631BA /* FirebaseFirestore in Frameworks */ = {isa = PBXBuildFile; productRef = 9B01246628495FC6008631BA /* FirebaseFirestore */; };
		9B01246928495FC6008631BA /* FirebaseFirestoreCombine-Community in Frameworks */ = {isa = PBXBuildFile; productRef = 9B01246828495FC6008631BA /* FirebaseFirestoreCombine-Community */; };
		9B01246B28495FC6008631BA /* FirebaseFirestoreSwift in Frameworks */ = {isa = PBXBuildFile; productRef = 9B01246A28495FC6008631BA /* FirebaseFirestoreSwift */; };
		9B01246D28495FC6008631BA /* FirebaseStorage in Frameworks */ = {isa = PBXBuildFile; productRef = 9B01246C28495FC6008631BA /* FirebaseStorage */; };
		9B01246F28495FC6008631BA /* FirebaseStorageCombine-Community in Frameworks */ = {isa = PBXBuildFile; productRef = 9B01246E28495FC6008631BA /* FirebaseStorageCombine-Community */; };
		9B1E64FB28611538009FEB26 /* Settings.swift in Sources */ = {isa = PBXBuildFile; fileRef = 9B1E64FA28611538009FEB26 /* Settings.swift */; };
		9B1E64FE286122BA009FEB26 /* Explore.swift in Sources */ = {isa = PBXBuildFile; fileRef = 9B1E64FD286122BA009FEB26 /* Explore.swift */; };
		9B1E650228612331009FEB26 /* Main.swift in Sources */ = {isa = PBXBuildFile; fileRef = 9B1E650128612331009FEB26 /* Main.swift */; };
		9B22507D286CFE810029EC73 /* DreamElement.swift in Sources */ = {isa = PBXBuildFile; fileRef = 9B22507C286CFE810029EC73 /* DreamElement.swift */; };
		9B28879D286A12E000BD4F9B /* DreamManager.swift in Sources */ = {isa = PBXBuildFile; fileRef = 9B28879C286A12E000BD4F9B /* DreamManager.swift */; };
		9B28879F286A137900BD4F9B /* Dream.swift in Sources */ = {isa = PBXBuildFile; fileRef = 9B28879E286A137900BD4F9B /* Dream.swift */; };
		9B3B93642868BFCF002FE453 /* AuthManager.swift in Sources */ = {isa = PBXBuildFile; fileRef = 9B3B93632868BFCF002FE453 /* AuthManager.swift */; };
		9B783A9A286A622700F3282B /* MyDreams.swift in Sources */ = {isa = PBXBuildFile; fileRef = 9B783A99286A622700F3282B /* MyDreams.swift */; };
		9B872C252846A34200FCDAEC /* myDreamApp.swift in Sources */ = {isa = PBXBuildFile; fileRef = 9B872C242846A34200FCDAEC /* myDreamApp.swift */; };
		9B872C272846A34200FCDAEC /* ContentView.swift in Sources */ = {isa = PBXBuildFile; fileRef = 9B872C262846A34200FCDAEC /* ContentView.swift */; };
		9B872C292846A34300FCDAEC /* Assets.xcassets in Resources */ = {isa = PBXBuildFile; fileRef = 9B872C282846A34300FCDAEC /* Assets.xcassets */; };
		9B872C2C2846A34300FCDAEC /* Preview Assets.xcassets in Resources */ = {isa = PBXBuildFile; fileRef = 9B872C2B2846A34300FCDAEC /* Preview Assets.xcassets */; };
		9B872C312846A34400FCDAEC /* myDream.xcdatamodeld in Sources */ = {isa = PBXBuildFile; fileRef = 9B872C2F2846A34400FCDAEC /* myDream.xcdatamodeld */; };
		9B872C392846ACB200FCDAEC /* FirebaseAuth in Frameworks */ = {isa = PBXBuildFile; productRef = 9B872C382846ACB200FCDAEC /* FirebaseAuth */; };
		9B872C3B2846ACB200FCDAEC /* FirebaseAuthCombine-Community in Frameworks */ = {isa = PBXBuildFile; productRef = 9B872C3A2846ACB200FCDAEC /* FirebaseAuthCombine-Community */; };
		9B872C3D2846ACB200FCDAEC /* FirebaseDatabase in Frameworks */ = {isa = PBXBuildFile; productRef = 9B872C3C2846ACB200FCDAEC /* FirebaseDatabase */; };
		9B872C3F2846ACB200FCDAEC /* FirebaseDatabaseSwift in Frameworks */ = {isa = PBXBuildFile; productRef = 9B872C3E2846ACB200FCDAEC /* FirebaseDatabaseSwift */; };
		9B872C412846ACB200FCDAEC /* FirebaseFirestore in Frameworks */ = {isa = PBXBuildFile; productRef = 9B872C402846ACB200FCDAEC /* FirebaseFirestore */; };
		9B872C432846ACB200FCDAEC /* FirebaseFirestoreCombine-Community in Frameworks */ = {isa = PBXBuildFile; productRef = 9B872C422846ACB200FCDAEC /* FirebaseFirestoreCombine-Community */; };
		9B872C452846ACB200FCDAEC /* FirebaseFirestoreSwift in Frameworks */ = {isa = PBXBuildFile; productRef = 9B872C442846ACB200FCDAEC /* FirebaseFirestoreSwift */; };
		9B872C472846ACB200FCDAEC /* FirebaseMessaging in Frameworks */ = {isa = PBXBuildFile; productRef = 9B872C462846ACB200FCDAEC /* FirebaseMessaging */; };
		9B872C492846ACB200FCDAEC /* FirebaseStorage in Frameworks */ = {isa = PBXBuildFile; productRef = 9B872C482846ACB200FCDAEC /* FirebaseStorage */; };
		9B872C4B2846ACB200FCDAEC /* FirebaseStorageCombine-Community in Frameworks */ = {isa = PBXBuildFile; productRef = 9B872C4A2846ACB200FCDAEC /* FirebaseStorageCombine-Community */; };
		9BAF7B7B286275CC009BDE0F /* AddDream.swift in Sources */ = {isa = PBXBuildFile; fileRef = 9BAF7B7A286275CC009BDE0F /* AddDream.swift */; };
/* End PBXBuildFile section */

/* Begin PBXFileReference section */
		9B0124512849441E008631BA /* SignUpScreen.swift */ = {isa = PBXFileReference; lastKnownFileType = sourcecode.swift; path = SignUpScreen.swift; sourceTree = "<group>"; };
		9B0124532849480A008631BA /* LoginScreen.swift */ = {isa = PBXFileReference; lastKnownFileType = sourcecode.swift; path = LoginScreen.swift; sourceTree = "<group>"; };
		9B012457284948AA008631BA /* Input.swift */ = {isa = PBXFileReference; lastKnownFileType = sourcecode.swift; path = Input.swift; sourceTree = "<group>"; };
		9B01245B28495F0A008631BA /* GoogleService-Info.plist */ = {isa = PBXFileReference; fileEncoding = 4; lastKnownFileType = text.plist.xml; path = "GoogleService-Info.plist"; sourceTree = "<group>"; };
		9B1E64FA28611538009FEB26 /* Settings.swift */ = {isa = PBXFileReference; lastKnownFileType = sourcecode.swift; path = Settings.swift; sourceTree = "<group>"; };
		9B1E64FD286122BA009FEB26 /* Explore.swift */ = {isa = PBXFileReference; lastKnownFileType = sourcecode.swift; path = Explore.swift; sourceTree = "<group>"; };
		9B1E650128612331009FEB26 /* Main.swift */ = {isa = PBXFileReference; lastKnownFileType = sourcecode.swift; path = Main.swift; sourceTree = "<group>"; };
		9B22507C286CFE810029EC73 /* DreamElement.swift */ = {isa = PBXFileReference; lastKnownFileType = sourcecode.swift; path = DreamElement.swift; sourceTree = "<group>"; };
		9B28879C286A12E000BD4F9B /* DreamManager.swift */ = {isa = PBXFileReference; lastKnownFileType = sourcecode.swift; path = DreamManager.swift; sourceTree = "<group>"; };
		9B28879E286A137900BD4F9B /* Dream.swift */ = {isa = PBXFileReference; lastKnownFileType = sourcecode.swift; path = Dream.swift; sourceTree = "<group>"; };
		9B3B93632868BFCF002FE453 /* AuthManager.swift */ = {isa = PBXFileReference; lastKnownFileType = sourcecode.swift; path = AuthManager.swift; sourceTree = "<group>"; };
		9B783A99286A622700F3282B /* MyDreams.swift */ = {isa = PBXFileReference; lastKnownFileType = sourcecode.swift; path = MyDreams.swift; sourceTree = "<group>"; };
		9B872C212846A34200FCDAEC /* myDream.app */ = {isa = PBXFileReference; explicitFileType = wrapper.application; includeInIndex = 0; path = myDream.app; sourceTree = BUILT_PRODUCTS_DIR; };
		9B872C242846A34200FCDAEC /* myDreamApp.swift */ = {isa = PBXFileReference; lastKnownFileType = sourcecode.swift; path = myDreamApp.swift; sourceTree = "<group>"; };
		9B872C262846A34200FCDAEC /* ContentView.swift */ = {isa = PBXFileReference; lastKnownFileType = sourcecode.swift; path = ContentView.swift; sourceTree = "<group>"; };
		9B872C282846A34300FCDAEC /* Assets.xcassets */ = {isa = PBXFileReference; lastKnownFileType = folder.assetcatalog; path = Assets.xcassets; sourceTree = "<group>"; };
		9B872C2B2846A34300FCDAEC /* Preview Assets.xcassets */ = {isa = PBXFileReference; lastKnownFileType = folder.assetcatalog; path = "Preview Assets.xcassets"; sourceTree = "<group>"; };
		9B872C302846A34400FCDAEC /* myDream.xcdatamodel */ = {isa = PBXFileReference; lastKnownFileType = wrapper.xcdatamodel; path = myDream.xcdatamodel; sourceTree = "<group>"; };
		9BAF7B7A286275CC009BDE0F /* AddDream.swift */ = {isa = PBXFileReference; lastKnownFileType = sourcecode.swift; path = AddDream.swift; sourceTree = "<group>"; };
/* End PBXFileReference section */

/* Begin PBXFrameworksBuildPhase section */
		9B872C1E2846A34200FCDAEC /* Frameworks */ = {
			isa = PBXFrameworksBuildPhase;
			buildActionMask = 2147483647;
			files = (
				9B01246528495FC6008631BA /* FirebaseDatabaseSwift in Frameworks */,
				9B01246B28495FC6008631BA /* FirebaseFirestoreSwift in Frameworks */,
				9B01246328495FC6008631BA /* FirebaseDatabase in Frameworks */,
				9B872C472846ACB200FCDAEC /* FirebaseMessaging in Frameworks */,
				9B872C3F2846ACB200FCDAEC /* FirebaseDatabaseSwift in Frameworks */,
				9B872C4B2846ACB200FCDAEC /* FirebaseStorageCombine-Community in Frameworks */,
				9B01246F28495FC6008631BA /* FirebaseStorageCombine-Community in Frameworks */,
				9B872C492846ACB200FCDAEC /* FirebaseStorage in Frameworks */,
				9B872C3D2846ACB200FCDAEC /* FirebaseDatabase in Frameworks */,
				9B872C392846ACB200FCDAEC /* FirebaseAuth in Frameworks */,
				9B01246728495FC6008631BA /* FirebaseFirestore in Frameworks */,
				9B01246928495FC6008631BA /* FirebaseFirestoreCombine-Community in Frameworks */,
				9B01246D28495FC6008631BA /* FirebaseStorage in Frameworks */,
				9B872C452846ACB200FCDAEC /* FirebaseFirestoreSwift in Frameworks */,
				9B01246128495FC6008631BA /* FirebaseAuthCombine-Community in Frameworks */,
				9B01245F28495FC6008631BA /* FirebaseAuth in Frameworks */,
				9B872C432846ACB200FCDAEC /* FirebaseFirestoreCombine-Community in Frameworks */,
				9B872C412846ACB200FCDAEC /* FirebaseFirestore in Frameworks */,
				9B872C3B2846ACB200FCDAEC /* FirebaseAuthCombine-Community in Frameworks */,
			);
			runOnlyForDeploymentPostprocessing = 0;
		};
/* End PBXFrameworksBuildPhase section */

/* Begin PBXGroup section */
		9B01244E2849437F008631BA /* View */ = {
			isa = PBXGroup;
			children = (
				9B01245628494892008631BA /* Screens */,
				9B01245528494889008631BA /* Components */,
			);
			path = View;
			sourceTree = "<group>";
		};
		9B01244F28494386008631BA /* Model */ = {
			isa = PBXGroup;
			children = (
				9B28879E286A137900BD4F9B /* Dream.swift */,
			);
			path = Model;
			sourceTree = "<group>";
		};
		9B0124502849438D008631BA /* ViewModel */ = {
			isa = PBXGroup;
			children = (
				9B28879C286A12E000BD4F9B /* DreamManager.swift */,
			);
			path = ViewModel;
			sourceTree = "<group>";
		};
		9B01245528494889008631BA /* Components */ = {
			isa = PBXGroup;
			children = (
				9B012457284948AA008631BA /* Input.swift */,
				9B22507C286CFE810029EC73 /* DreamElement.swift */,
			);
			path = Components;
			sourceTree = "<group>";
		};
		9B01245628494892008631BA /* Screens */ = {
			isa = PBXGroup;
			children = (
				9B1E64FC2861228E009FEB26 /* Tabs */,
				9B0124512849441E008631BA /* SignUpScreen.swift */,
				9B0124532849480A008631BA /* LoginScreen.swift */,
			);
			path = Screens;
			sourceTree = "<group>";
		};
		9B1E64FC2861228E009FEB26 /* Tabs */ = {
			isa = PBXGroup;
			children = (
				9B1E64FA28611538009FEB26 /* Settings.swift */,
				9B1E64FD286122BA009FEB26 /* Explore.swift */,
				9B1E650128612331009FEB26 /* Main.swift */,
				9BAF7B7A286275CC009BDE0F /* AddDream.swift */,
				9B783A99286A622700F3282B /* MyDreams.swift */,
			);
			path = Tabs;
			sourceTree = "<group>";
		};
		9B872C182846A34200FCDAEC = {
			isa = PBXGroup;
			children = (
				9B872C232846A34200FCDAEC /* myDream */,
				9B872C222846A34200FCDAEC /* Products */,
			);
			sourceTree = "<group>";
		};
		9B872C222846A34200FCDAEC /* Products */ = {
			isa = PBXGroup;
			children = (
				9B872C212846A34200FCDAEC /* myDream.app */,
			);
			name = Products;
			sourceTree = "<group>";
		};
		9B872C232846A34200FCDAEC /* myDream */ = {
			isa = PBXGroup;
			children = (
				9BBA2A0D2868A6B2008AB388 /* Services */,
				9B0124502849438D008631BA /* ViewModel */,
				9B01244F28494386008631BA /* Model */,
				9B01244E2849437F008631BA /* View */,
				9B872C242846A34200FCDAEC /* myDreamApp.swift */,
				9B872C262846A34200FCDAEC /* ContentView.swift */,
				9B872C282846A34300FCDAEC /* Assets.xcassets */,
				9B872C2F2846A34400FCDAEC /* myDream.xcdatamodeld */,
				9B01245B28495F0A008631BA /* GoogleService-Info.plist */,
				9B872C2A2846A34300FCDAEC /* Preview Content */,
			);
			path = myDream;
			sourceTree = "<group>";
		};
		9B872C2A2846A34300FCDAEC /* Preview Content */ = {
			isa = PBXGroup;
			children = (
				9B872C2B2846A34300FCDAEC /* Preview Assets.xcassets */,
			);
			path = "Preview Content";
			sourceTree = "<group>";
		};
		9BBA2A0D2868A6B2008AB388 /* Services */ = {
			isa = PBXGroup;
			children = (
				9B3B93632868BFCF002FE453 /* AuthManager.swift */,
			);
			path = Services;
			sourceTree = "<group>";
		};
/* End PBXGroup section */

/* Begin PBXNativeTarget section */
		9B872C202846A34200FCDAEC /* myDream */ = {
			isa = PBXNativeTarget;
			buildConfigurationList = 9B872C342846A34400FCDAEC /* Build configuration list for PBXNativeTarget "myDream" */;
			buildPhases = (
				9B872C1D2846A34200FCDAEC /* Sources */,
				9B872C1E2846A34200FCDAEC /* Frameworks */,
				9B872C1F2846A34200FCDAEC /* Resources */,
			);
			buildRules = (
			);
			dependencies = (
			);
			name = myDream;
			packageProductDependencies = (
				9B872C382846ACB200FCDAEC /* FirebaseAuth */,
				9B872C3A2846ACB200FCDAEC /* FirebaseAuthCombine-Community */,
				9B872C3C2846ACB200FCDAEC /* FirebaseDatabase */,
				9B872C3E2846ACB200FCDAEC /* FirebaseDatabaseSwift */,
				9B872C402846ACB200FCDAEC /* FirebaseFirestore */,
				9B872C422846ACB200FCDAEC /* FirebaseFirestoreCombine-Community */,
				9B872C442846ACB200FCDAEC /* FirebaseFirestoreSwift */,
				9B872C462846ACB200FCDAEC /* FirebaseMessaging */,
				9B872C482846ACB200FCDAEC /* FirebaseStorage */,
				9B872C4A2846ACB200FCDAEC /* FirebaseStorageCombine-Community */,
				9B01245E28495FC6008631BA /* FirebaseAuth */,
				9B01246028495FC6008631BA /* FirebaseAuthCombine-Community */,
				9B01246228495FC6008631BA /* FirebaseDatabase */,
				9B01246428495FC6008631BA /* FirebaseDatabaseSwift */,
				9B01246628495FC6008631BA /* FirebaseFirestore */,
				9B01246828495FC6008631BA /* FirebaseFirestoreCombine-Community */,
				9B01246A28495FC6008631BA /* FirebaseFirestoreSwift */,
				9B01246C28495FC6008631BA /* FirebaseStorage */,
				9B01246E28495FC6008631BA /* FirebaseStorageCombine-Community */,
			);
			productName = myDream;
			productReference = 9B872C212846A34200FCDAEC /* myDream.app */;
			productType = "com.apple.product-type.application";
		};
/* End PBXNativeTarget section */

/* Begin PBXProject section */
		9B872C192846A34200FCDAEC /* Project object */ = {
			isa = PBXProject;
			attributes = {
				BuildIndependentTargetsInParallel = 1;
				LastSwiftUpdateCheck = 1330;
				LastUpgradeCheck = 1330;
				TargetAttributes = {
					9B872C202846A34200FCDAEC = {
						CreatedOnToolsVersion = 13.3.1;
					};
				};
			};
			buildConfigurationList = 9B872C1C2846A34200FCDAEC /* Build configuration list for PBXProject "myDream" */;
			compatibilityVersion = "Xcode 13.0";
			developmentRegion = en;
			hasScannedForEncodings = 0;
			knownRegions = (
				en,
				Base,
			);
			mainGroup = 9B872C182846A34200FCDAEC;
			packageReferences = (
				9B872C372846ACB200FCDAEC /* XCRemoteSwiftPackageReference "firebase-ios-sdk" */,
				9B01245D28495FC6008631BA /* XCRemoteSwiftPackageReference "firebase-ios-sdk" */,
			);
			productRefGroup = 9B872C222846A34200FCDAEC /* Products */;
			projectDirPath = "";
			projectRoot = "";
			targets = (
				9B872C202846A34200FCDAEC /* myDream */,
			);
		};
/* End PBXProject section */

/* Begin PBXResourcesBuildPhase section */
		9B872C1F2846A34200FCDAEC /* Resources */ = {
			isa = PBXResourcesBuildPhase;
			buildActionMask = 2147483647;
			files = (
				9B872C2C2846A34300FCDAEC /* Preview Assets.xcassets in Resources */,
				9B872C292846A34300FCDAEC /* Assets.xcassets in Resources */,
				9B01245C28495F0A008631BA /* GoogleService-Info.plist in Resources */,
			);
			runOnlyForDeploymentPostprocessing = 0;
		};
/* End PBXResourcesBuildPhase section */

/* Begin PBXSourcesBuildPhase section */
		9B872C1D2846A34200FCDAEC /* Sources */ = {
			isa = PBXSourcesBuildPhase;
			buildActionMask = 2147483647;
			files = (
				9B1E650228612331009FEB26 /* Main.swift in Sources */,
				9B012458284948AA008631BA /* Input.swift in Sources */,
				9B28879D286A12E000BD4F9B /* DreamManager.swift in Sources */,
				9B872C272846A34200FCDAEC /* ContentView.swift in Sources */,
				9B872C252846A34200FCDAEC /* myDreamApp.swift in Sources */,
				9B783A9A286A622700F3282B /* MyDreams.swift in Sources */,
				9B872C312846A34400FCDAEC /* myDream.xcdatamodeld in Sources */,
				9BAF7B7B286275CC009BDE0F /* AddDream.swift in Sources */,
				9B1E64FB28611538009FEB26 /* Settings.swift in Sources */,
				9B0124522849441E008631BA /* SignUpScreen.swift in Sources */,
				9B22507D286CFE810029EC73 /* DreamElement.swift in Sources */,
				9B3B93642868BFCF002FE453 /* AuthManager.swift in Sources */,
				9B28879F286A137900BD4F9B /* Dream.swift in Sources */,
				9B0124542849480A008631BA /* LoginScreen.swift in Sources */,
				9B1E64FE286122BA009FEB26 /* Explore.swift in Sources */,
			);
			runOnlyForDeploymentPostprocessing = 0;
		};
/* End PBXSourcesBuildPhase section */

/* Begin XCBuildConfiguration section */
		9B872C322846A34400FCDAEC /* Debug */ = {
			isa = XCBuildConfiguration;
			buildSettings = {
				ALWAYS_SEARCH_USER_PATHS = NO;
				CLANG_ANALYZER_NONNULL = YES;
				CLANG_ANALYZER_NUMBER_OBJECT_CONVERSION = YES_AGGRESSIVE;
				CLANG_CXX_LANGUAGE_STANDARD = "gnu++17";
				CLANG_ENABLE_MODULES = YES;
				CLANG_ENABLE_OBJC_ARC = YES;
				CLANG_ENABLE_OBJC_WEAK = YES;
				CLANG_WARN_BLOCK_CAPTURE_AUTORELEASING = YES;
				CLANG_WARN_BOOL_CONVERSION = YES;
				CLANG_WARN_COMMA = YES;
				CLANG_WARN_CONSTANT_CONVERSION = YES;
				CLANG_WARN_DEPRECATED_OBJC_IMPLEMENTATIONS = YES;
				CLANG_WARN_DIRECT_OBJC_ISA_USAGE = YES_ERROR;
				CLANG_WARN_DOCUMENTATION_COMMENTS = YES;
				CLANG_WARN_EMPTY_BODY = YES;
				CLANG_WARN_ENUM_CONVERSION = YES;
				CLANG_WARN_INFINITE_RECURSION = YES;
				CLANG_WARN_INT_CONVERSION = YES;
				CLANG_WARN_NON_LITERAL_NULL_CONVERSION = YES;
				CLANG_WARN_OBJC_IMPLICIT_RETAIN_SELF = YES;
				CLANG_WARN_OBJC_LITERAL_CONVERSION = YES;
				CLANG_WARN_OBJC_ROOT_CLASS = YES_ERROR;
				CLANG_WARN_QUOTED_INCLUDE_IN_FRAMEWORK_HEADER = YES;
				CLANG_WARN_RANGE_LOOP_ANALYSIS = YES;
				CLANG_WARN_STRICT_PROTOTYPES = YES;
				CLANG_WARN_SUSPICIOUS_MOVE = YES;
				CLANG_WARN_UNGUARDED_AVAILABILITY = YES_AGGRESSIVE;
				CLANG_WARN_UNREACHABLE_CODE = YES;
				CLANG_WARN__DUPLICATE_METHOD_MATCH = YES;
				COPY_PHASE_STRIP = NO;
				DEBUG_INFORMATION_FORMAT = dwarf;
				ENABLE_STRICT_OBJC_MSGSEND = YES;
				ENABLE_TESTABILITY = YES;
				GCC_C_LANGUAGE_STANDARD = gnu11;
				GCC_DYNAMIC_NO_PIC = NO;
				GCC_NO_COMMON_BLOCKS = YES;
				GCC_OPTIMIZATION_LEVEL = 0;
				GCC_PREPROCESSOR_DEFINITIONS = (
					"DEBUG=1",
					"$(inherited)",
				);
				GCC_WARN_64_TO_32_BIT_CONVERSION = YES;
				GCC_WARN_ABOUT_RETURN_TYPE = YES_ERROR;
				GCC_WARN_UNDECLARED_SELECTOR = YES;
				GCC_WARN_UNINITIALIZED_AUTOS = YES_AGGRESSIVE;
				GCC_WARN_UNUSED_FUNCTION = YES;
				GCC_WARN_UNUSED_VARIABLE = YES;
				IPHONEOS_DEPLOYMENT_TARGET = 15.4;
				MTL_ENABLE_DEBUG_INFO = INCLUDE_SOURCE;
				MTL_FAST_MATH = YES;
				ONLY_ACTIVE_ARCH = YES;
				SDKROOT = iphoneos;
				SWIFT_ACTIVE_COMPILATION_CONDITIONS = DEBUG;
				SWIFT_OPTIMIZATION_LEVEL = "-Onone";
			};
			name = Debug;
		};
		9B872C332846A34400FCDAEC /* Release */ = {
			isa = XCBuildConfiguration;
			buildSettings = {
				ALWAYS_SEARCH_USER_PATHS = NO;
				CLANG_ANALYZER_NONNULL = YES;
				CLANG_ANALYZER_NUMBER_OBJECT_CONVERSION = YES_AGGRESSIVE;
				CLANG_CXX_LANGUAGE_STANDARD = "gnu++17";
				CLANG_ENABLE_MODULES = YES;
				CLANG_ENABLE_OBJC_ARC = YES;
				CLANG_ENABLE_OBJC_WEAK = YES;
				CLANG_WARN_BLOCK_CAPTURE_AUTORELEASING = YES;
				CLANG_WARN_BOOL_CONVERSION = YES;
				CLANG_WARN_COMMA = YES;
				CLANG_WARN_CONSTANT_CONVERSION = YES;
				CLANG_WARN_DEPRECATED_OBJC_IMPLEMENTATIONS = YES;
				CLANG_WARN_DIRECT_OBJC_ISA_USAGE = YES_ERROR;
				CLANG_WARN_DOCUMENTATION_COMMENTS = YES;
				CLANG_WARN_EMPTY_BODY = YES;
				CLANG_WARN_ENUM_CONVERSION = YES;
				CLANG_WARN_INFINITE_RECURSION = YES;
				CLANG_WARN_INT_CONVERSION = YES;
				CLANG_WARN_NON_LITERAL_NULL_CONVERSION = YES;
				CLANG_WARN_OBJC_IMPLICIT_RETAIN_SELF = YES;
				CLANG_WARN_OBJC_LITERAL_CONVERSION = YES;
				CLANG_WARN_OBJC_ROOT_CLASS = YES_ERROR;
				CLANG_WARN_QUOTED_INCLUDE_IN_FRAMEWORK_HEADER = YES;
				CLANG_WARN_RANGE_LOOP_ANALYSIS = YES;
				CLANG_WARN_STRICT_PROTOTYPES = YES;
				CLANG_WARN_SUSPICIOUS_MOVE = YES;
				CLANG_WARN_UNGUARDED_AVAILABILITY = YES_AGGRESSIVE;
				CLANG_WARN_UNREACHABLE_CODE = YES;
				CLANG_WARN__DUPLICATE_METHOD_MATCH = YES;
				COPY_PHASE_STRIP = NO;
				DEBUG_INFORMATION_FORMAT = "dwarf-with-dsym";
				ENABLE_NS_ASSERTIONS = NO;
				ENABLE_STRICT_OBJC_MSGSEND = YES;
				GCC_C_LANGUAGE_STANDARD = gnu11;
				GCC_NO_COMMON_BLOCKS = YES;
				GCC_WARN_64_TO_32_BIT_CONVERSION = YES;
				GCC_WARN_ABOUT_RETURN_TYPE = YES_ERROR;
				GCC_WARN_UNDECLARED_SELECTOR = YES;
				GCC_WARN_UNINITIALIZED_AUTOS = YES_AGGRESSIVE;
				GCC_WARN_UNUSED_FUNCTION = YES;
				GCC_WARN_UNUSED_VARIABLE = YES;
				IPHONEOS_DEPLOYMENT_TARGET = 15.4;
				MTL_ENABLE_DEBUG_INFO = NO;
				MTL_FAST_MATH = YES;
				SDKROOT = iphoneos;
				SWIFT_COMPILATION_MODE = wholemodule;
				SWIFT_OPTIMIZATION_LEVEL = "-O";
				VALIDATE_PRODUCT = YES;
			};
			name = Release;
		};
		9B872C352846A34400FCDAEC /* Debug */ = {
			isa = XCBuildConfiguration;
			buildSettings = {
				ASSETCATALOG_COMPILER_APPICON_NAME = AppIcon;
				ASSETCATALOG_COMPILER_GLOBAL_ACCENT_COLOR_NAME = AccentColor;
				CODE_SIGN_STYLE = Automatic;
				CURRENT_PROJECT_VERSION = 1;
				DEVELOPMENT_ASSET_PATHS = "\"myDream/Preview Content\"";
				ENABLE_PREVIEWS = YES;
				GENERATE_INFOPLIST_FILE = YES;
				INFOPLIST_KEY_UIApplicationSceneManifest_Generation = YES;
				INFOPLIST_KEY_UIApplicationSupportsIndirectInputEvents = YES;
				INFOPLIST_KEY_UILaunchScreen_Generation = YES;
				INFOPLIST_KEY_UISupportedInterfaceOrientations_iPad = "UIInterfaceOrientationPortrait UIInterfaceOrientationPortraitUpsideDown UIInterfaceOrientationLandscapeLeft UIInterfaceOrientationLandscapeRight";
				INFOPLIST_KEY_UISupportedInterfaceOrientations_iPhone = "UIInterfaceOrientationPortrait UIInterfaceOrientationLandscapeLeft UIInterfaceOrientationLandscapeRight";
				LD_RUNPATH_SEARCH_PATHS = (
					"$(inherited)",
					"@executable_path/Frameworks",
				);
				MARKETING_VERSION = 1.0;
				PRODUCT_BUNDLE_IDENTIFIER = com.cihattasci.myDream;
				PRODUCT_NAME = "$(TARGET_NAME)";
				SWIFT_EMIT_LOC_STRINGS = YES;
				SWIFT_VERSION = 5.0;
				TARGETED_DEVICE_FAMILY = "1,2";
			};
			name = Debug;
		};
		9B872C362846A34400FCDAEC /* Release */ = {
			isa = XCBuildConfiguration;
			buildSettings = {
				ASSETCATALOG_COMPILER_APPICON_NAME = AppIcon;
				ASSETCATALOG_COMPILER_GLOBAL_ACCENT_COLOR_NAME = AccentColor;
				CODE_SIGN_STYLE = Automatic;
				CURRENT_PROJECT_VERSION = 1;
				DEVELOPMENT_ASSET_PATHS = "\"myDream/Preview Content\"";
				ENABLE_PREVIEWS = YES;
				GENERATE_INFOPLIST_FILE = YES;
				INFOPLIST_KEY_UIApplicationSceneManifest_Generation = YES;
				INFOPLIST_KEY_UIApplicationSupportsIndirectInputEvents = YES;
				INFOPLIST_KEY_UILaunchScreen_Generation = YES;
				INFOPLIST_KEY_UISupportedInterfaceOrientations_iPad = "UIInterfaceOrientationPortrait UIInterfaceOrientationPortraitUpsideDown UIInterfaceOrientationLandscapeLeft UIInterfaceOrientationLandscapeRight";
				INFOPLIST_KEY_UISupportedInterfaceOrientations_iPhone = "UIInterfaceOrientationPortrait UIInterfaceOrientationLandscapeLeft UIInterfaceOrientationLandscapeRight";
				LD_RUNPATH_SEARCH_PATHS = (
					"$(inherited)",
					"@executable_path/Frameworks",
				);
				MARKETING_VERSION = 1.0;
				PRODUCT_BUNDLE_IDENTIFIER = com.cihattasci.myDream;
				PRODUCT_NAME = "$(TARGET_NAME)";
				SWIFT_EMIT_LOC_STRINGS = YES;
				SWIFT_VERSION = 5.0;
				TARGETED_DEVICE_FAMILY = "1,2";
			};
			name = Release;
		};
/* End XCBuildConfiguration section */

/* Begin XCConfigurationList section */
		9B872C1C2846A34200FCDAEC /* Build configuration list for PBXProject "myDream" */ = {
			isa = XCConfigurationList;
			buildConfigurations = (
				9B872C322846A34400FCDAEC /* Debug */,
				9B872C332846A34400FCDAEC /* Release */,
			);
			defaultConfigurationIsVisible = 0;
			defaultConfigurationName = Release;
		};
		9B872C342846A34400FCDAEC /* Build configuration list for PBXNativeTarget "myDream" */ = {
			isa = XCConfigurationList;
			buildConfigurations = (
				9B872C352846A34400FCDAEC /* Debug */,
				9B872C362846A34400FCDAEC /* Release */,
			);
			defaultConfigurationIsVisible = 0;
			defaultConfigurationName = Release;
		};
/* End XCConfigurationList section */

/* Begin XCRemoteSwiftPackageReference section */
		9B01245D28495FC6008631BA /* XCRemoteSwiftPackageReference "firebase-ios-sdk" */ = {
			isa = XCRemoteSwiftPackageReference;
			repositoryURL = "https://github.com/firebase/firebase-ios-sdk";
			requirement = {
				branch = master;
				kind = branch;
			};
		};
		9B872C372846ACB200FCDAEC /* XCRemoteSwiftPackageReference "firebase-ios-sdk" */ = {
			isa = XCRemoteSwiftPackageReference;
			repositoryURL = "https://github.com/firebase/firebase-ios-sdk";
			requirement = {
				branch = master;
				kind = branch;
			};
		};
/* End XCRemoteSwiftPackageReference section */

/* Begin XCSwiftPackageProductDependency section */
		9B01245E28495FC6008631BA /* FirebaseAuth */ = {
			isa = XCSwiftPackageProductDependency;
			package = 9B872C372846ACB200FCDAEC /* XCRemoteSwiftPackageReference "firebase-ios-sdk" */;
			productName = FirebaseAuth;
		};
		9B01246028495FC6008631BA /* FirebaseAuthCombine-Community */ = {
			isa = XCSwiftPackageProductDependency;
			package = 9B872C372846ACB200FCDAEC /* XCRemoteSwiftPackageReference "firebase-ios-sdk" */;
			productName = "FirebaseAuthCombine-Community";
		};
		9B01246228495FC6008631BA /* FirebaseDatabase */ = {
			isa = XCSwiftPackageProductDependency;
			package = 9B872C372846ACB200FCDAEC /* XCRemoteSwiftPackageReference "firebase-ios-sdk" */;
			productName = FirebaseDatabase;
		};
		9B01246428495FC6008631BA /* FirebaseDatabaseSwift */ = {
			isa = XCSwiftPackageProductDependency;
			package = 9B872C372846ACB200FCDAEC /* XCRemoteSwiftPackageReference "firebase-ios-sdk" */;
			productName = FirebaseDatabaseSwift;
		};
		9B01246628495FC6008631BA /* FirebaseFirestore */ = {
			isa = XCSwiftPackageProductDependency;
			package = 9B872C372846ACB200FCDAEC /* XCRemoteSwiftPackageReference "firebase-ios-sdk" */;
			productName = FirebaseFirestore;
		};
		9B01246828495FC6008631BA /* FirebaseFirestoreCombine-Community */ = {
			isa = XCSwiftPackageProductDependency;
			package = 9B872C372846ACB200FCDAEC /* XCRemoteSwiftPackageReference "firebase-ios-sdk" */;
			productName = "FirebaseFirestoreCombine-Community";
		};
		9B01246A28495FC6008631BA /* FirebaseFirestoreSwift */ = {
			isa = XCSwiftPackageProductDependency;
			package = 9B872C372846ACB200FCDAEC /* XCRemoteSwiftPackageReference "firebase-ios-sdk" */;
			productName = FirebaseFirestoreSwift;
		};
		9B01246C28495FC6008631BA /* FirebaseStorage */ = {
			isa = XCSwiftPackageProductDependency;
			package = 9B872C372846ACB200FCDAEC /* XCRemoteSwiftPackageReference "firebase-ios-sdk" */;
			productName = FirebaseStorage;
		};
		9B01246E28495FC6008631BA /* FirebaseStorageCombine-Community */ = {
			isa = XCSwiftPackageProductDependency;
			package = 9B872C372846ACB200FCDAEC /* XCRemoteSwiftPackageReference "firebase-ios-sdk" */;
			productName = "FirebaseStorageCombine-Community";
		};
		9B872C382846ACB200FCDAEC /* FirebaseAuth */ = {
			isa = XCSwiftPackageProductDependency;
			package = 9B872C372846ACB200FCDAEC /* XCRemoteSwiftPackageReference "firebase-ios-sdk" */;
			productName = FirebaseAuth;
		};
		9B872C3A2846ACB200FCDAEC /* FirebaseAuthCombine-Community */ = {
			isa = XCSwiftPackageProductDependency;
			package = 9B872C372846ACB200FCDAEC /* XCRemoteSwiftPackageReference "firebase-ios-sdk" */;
			productName = "FirebaseAuthCombine-Community";
		};
		9B872C3C2846ACB200FCDAEC /* FirebaseDatabase */ = {
			isa = XCSwiftPackageProductDependency;
			package = 9B872C372846ACB200FCDAEC /* XCRemoteSwiftPackageReference "firebase-ios-sdk" */;
			productName = FirebaseDatabase;
		};
		9B872C3E2846ACB200FCDAEC /* FirebaseDatabaseSwift */ = {
			isa = XCSwiftPackageProductDependency;
			package = 9B872C372846ACB200FCDAEC /* XCRemoteSwiftPackageReference "firebase-ios-sdk" */;
			productName = FirebaseDatabaseSwift;
		};
		9B872C402846ACB200FCDAEC /* FirebaseFirestore */ = {
			isa = XCSwiftPackageProductDependency;
			package = 9B872C372846ACB200FCDAEC /* XCRemoteSwiftPackageReference "firebase-ios-sdk" */;
			productName = FirebaseFirestore;
		};
		9B872C422846ACB200FCDAEC /* FirebaseFirestoreCombine-Community */ = {
			isa = XCSwiftPackageProductDependency;
			package = 9B872C372846ACB200FCDAEC /* XCRemoteSwiftPackageReference "firebase-ios-sdk" */;
			productName = "FirebaseFirestoreCombine-Community";
		};
		9B872C442846ACB200FCDAEC /* FirebaseFirestoreSwift */ = {
			isa = XCSwiftPackageProductDependency;
			package = 9B872C372846ACB200FCDAEC /* XCRemoteSwiftPackageReference "firebase-ios-sdk" */;
			productName = FirebaseFirestoreSwift;
		};
		9B872C462846ACB200FCDAEC /* FirebaseMessaging */ = {
			isa = XCSwiftPackageProductDependency;
			package = 9B872C372846ACB200FCDAEC /* XCRemoteSwiftPackageReference "firebase-ios-sdk" */;
			productName = FirebaseMessaging;
		};
		9B872C482846ACB200FCDAEC /* FirebaseStorage */ = {
			isa = XCSwiftPackageProductDependency;
			package = 9B872C372846ACB200FCDAEC /* XCRemoteSwiftPackageReference "firebase-ios-sdk" */;
			productName = FirebaseStorage;
		};
		9B872C4A2846ACB200FCDAEC /* FirebaseStorageCombine-Community */ = {
			isa = XCSwiftPackageProductDependency;
			package = 9B872C372846ACB200FCDAEC /* XCRemoteSwiftPackageReference "firebase-ios-sdk" */;
			productName = "FirebaseStorageCombine-Community";
		};
/* End XCSwiftPackageProductDependency section */

/* Begin XCVersionGroup section */
		9B872C2F2846A34400FCDAEC /* myDream.xcdatamodeld */ = {
			isa = XCVersionGroup;
			children = (
				9B872C302846A34400FCDAEC /* myDream.xcdatamodel */,
			);
			currentVersion = 9B872C302846A34400FCDAEC /* myDream.xcdatamodel */;
			path = myDream.xcdatamodeld;
			sourceTree = "<group>";
			versionGroupType = wrapper.xcdatamodel;
		};
/* End XCVersionGroup section */
	};
	rootObject = 9B872C192846A34200FCDAEC /* Project object */;
}
